// !$*UTF8*$!
{
	archiveVersion = 1;
	classes = {
	};
	objectVersion = 50;
	objects = {

/* Begin PBXBuildFile section */
		49DAB732212E820200350BA8 /* animal.mlmodel in Sources */ = {isa = PBXBuildFile; fileRef = 49DAB731212E820200350BA8 /* animal.mlmodel */; };
		49E71A4621216307008FC098 /* AppDelegate.m in Sources */ = {isa = PBXBuildFile; fileRef = 49E71A4521216307008FC098 /* AppDelegate.m */; };
		49E71A4E21216310008FC098 /* Assets.xcassets in Resources */ = {isa = PBXBuildFile; fileRef = 49E71A4D21216310008FC098 /* Assets.xcassets */; };
		49E71A5121216310008FC098 /* LaunchScreen.storyboard in Resources */ = {isa = PBXBuildFile; fileRef = 49E71A4F21216310008FC098 /* LaunchScreen.storyboard */; };
		49E71A5421216310008FC098 /* main.m in Sources */ = {isa = PBXBuildFile; fileRef = 49E71A5321216310008FC098 /* main.m */; };
		49E71A61212164FE008FC098 /* MLTestViewController.m in Sources */ = {isa = PBXBuildFile; fileRef = 49E71A5F212164FE008FC098 /* MLTestViewController.m */; };
		49E71A62212164FE008FC098 /* MLTestViewController.xib in Resources */ = {isa = PBXBuildFile; fileRef = 49E71A60212164FE008FC098 /* MLTestViewController.xib */; };
		49E71A73212172F6008FC098 /* Main.storyboard in Resources */ = {isa = PBXBuildFile; fileRef = 49E71A72212172F6008FC098 /* Main.storyboard */; };
/* End PBXBuildFile section */

/* Begin PBXFileReference section */
		49DAB731212E820200350BA8 /* animal.mlmodel */ = {isa = PBXFileReference; lastKnownFileType = file.mlmodel; path = animal.mlmodel; sourceTree = "<group>"; };
		49E71A4121216307008FC098 /* MLTest.app */ = {isa = PBXFileReference; explicitFileType = wrapper.application; includeInIndex = 0; path = MLTest.app; sourceTree = BUILT_PRODUCTS_DIR; };
		49E71A4421216307008FC098 /* AppDelegate.h */ = {isa = PBXFileReference; lastKnownFileType = sourcecode.c.h; path = AppDelegate.h; sourceTree = "<group>"; };
		49E71A4521216307008FC098 /* AppDelegate.m */ = {isa = PBXFileReference; lastKnownFileType = sourcecode.c.objc; path = AppDelegate.m; sourceTree = "<group>"; };
		49E71A4D21216310008FC098 /* Assets.xcassets */ = {isa = PBXFileReference; lastKnownFileType = folder.assetcatalog; path = Assets.xcassets; sourceTree = "<group>"; };
		49E71A5021216310008FC098 /* Base */ = {isa = PBXFileReference; lastKnownFileType = file.storyboard; name = Base; path = Base.lproj/LaunchScreen.storyboard; sourceTree = "<group>"; };
		49E71A5221216310008FC098 /* Info.plist */ = {isa = PBXFileReference; lastKnownFileType = text.plist.xml; path = Info.plist; sourceTree = "<group>"; };
		49E71A5321216310008FC098 /* main.m */ = {isa = PBXFileReference; lastKnownFileType = sourcecode.c.objc; path = main.m; sourceTree = "<group>"; };
		49E71A5E212164FE008FC098 /* MLTestViewController.h */ = {isa = PBXFileReference; lastKnownFileType = sourcecode.c.h; path = MLTestViewController.h; sourceTree = "<group>"; };
		49E71A5F212164FE008FC098 /* MLTestViewController.m */ = {isa = PBXFileReference; lastKnownFileType = sourcecode.c.objc; path = MLTestViewController.m; sourceTree = "<group>"; };
		49E71A60212164FE008FC098 /* MLTestViewController.xib */ = {isa = PBXFileReference; lastKnownFileType = file.xib; path = MLTestViewController.xib; sourceTree = "<group>"; };
		49E71A72212172F6008FC098 /* Main.storyboard */ = {isa = PBXFileReference; fileEncoding = 4; lastKnownFileType = file.storyboard; path = Main.storyboard; sourceTree = "<group>"; };
/* End PBXFileReference section */

/* Begin PBXFrameworksBuildPhase section */
		49E71A3E21216307008FC098 /* Frameworks */ = {
			isa = PBXFrameworksBuildPhase;
			buildActionMask = 2147483647;
			files = (
			);
			runOnlyForDeploymentPostprocessing = 0;
		};
/* End PBXFrameworksBuildPhase section */

/* Begin PBXGroup section */
		49E71A3821216307008FC098 = {
			isa = PBXGroup;
			children = (
				49E71A4321216307008FC098 /* MLTest */,
				49E71A4221216307008FC098 /* Products */,
			);
			sourceTree = "<group>";
		};
		49E71A4221216307008FC098 /* Products */ = {
			isa = PBXGroup;
			children = (
				49E71A4121216307008FC098 /* MLTest.app */,
			);
			name = Products;
			sourceTree = "<group>";
		};
		49E71A4321216307008FC098 /* MLTest */ = {
			isa = PBXGroup;
			children = (
				49DAB731212E820200350BA8 /* animal.mlmodel */,
				49E71A72212172F6008FC098 /* Main.storyboard */,
				49E71A4421216307008FC098 /* AppDelegate.h */,
				49E71A4521216307008FC098 /* AppDelegate.m */,
				49E71A4D21216310008FC098 /* Assets.xcassets */,
				49E71A4F21216310008FC098 /* LaunchScreen.storyboard */,
				49E71A5221216310008FC098 /* Info.plist */,
				49E71A5321216310008FC098 /* main.m */,
				49E71A5E212164FE008FC098 /* MLTestViewController.h */,
				49E71A5F212164FE008FC098 /* MLTestViewController.m */,
				49E71A60212164FE008FC098 /* MLTestViewController.xib */,
			);
			path = MLTest;
			sourceTree = "<group>";
		};
/* End PBXGroup section */

/* Begin PBXNativeTarget section */
		49E71A4021216307008FC098 /* MLTest */ = {
			isa = PBXNativeTarget;
			buildConfigurationList = 49E71A5721216310008FC098 /* Build configuration list for PBXNativeTarget "MLTest" */;
			buildPhases = (
				49E71A3D21216307008FC098 /* Sources */,
				49E71A3E21216307008FC098 /* Frameworks */,
				49E71A3F21216307008FC098 /* Resources */,
			);
			buildRules = (
			);
			dependencies = (
			);
			name = MLTest;
			productName = MLTest;
			productReference = 49E71A4121216307008FC098 /* MLTest.app */;
			productType = "com.apple.product-type.application";
		};
/* End PBXNativeTarget section */

/* Begin PBXProject section */
		49E71A3921216307008FC098 /* Project object */ = {
			isa = PBXProject;
			attributes = {
				LastUpgradeCheck = 0930;
				ORGANIZATIONNAME = panzihao;
				TargetAttributes = {
					49E71A4021216307008FC098 = {
						CreatedOnToolsVersion = 9.3;
					};
				};
			};
			buildConfigurationList = 49E71A3C21216307008FC098 /* Build configuration list for PBXProject "MLTest" */;
			compatibilityVersion = "Xcode 9.3";
			developmentRegion = en;
			hasScannedForEncodings = 0;
			knownRegions = (
				en,
				Base,
			);
			mainGroup = 49E71A3821216307008FC098;
			productRefGroup = 49E71A4221216307008FC098 /* Products */;
			projectDirPath = "";
			projectRoot = "";
			targets = (
				49E71A4021216307008FC098 /* MLTest */,
			);
		};
/* End PBXProject section */

/* Begin PBXResourcesBuildPhase section */
		49E71A3F21216307008FC098 /* Resources */ = {
			isa = PBXResourcesBuildPhase;
			buildActionMask = 2147483647;
			files = (
				49E71A73212172F6008FC098 /* Main.storyboard in Resources */,
				49E71A5121216310008FC098 /* LaunchScreen.storyboard in Resources */,
				49E71A62212164FE008FC098 /* MLTestViewController.xib in Resources */,
				49E71A4E21216310008FC098 /* Assets.xcassets in Resources */,
			);
			runOnlyForDeploymentPostprocessing = 0;
		};
/* End PBXResourcesBuildPhase section */

/* Begin PBXSourcesBuildPhase section */
		49E71A3D21216307008FC098 /* Sources */ = {
			isa = PBXSourcesBuildPhase;
			buildActionMask = 2147483647;
			files = (
				49DAB732212E820200350BA8 /* animal.mlmodel in Sources */,
				49E71A61212164FE008FC098 /* MLTestViewController.m in Sources */,
				49E71A5421216310008FC098 /* main.m in Sources */,
				49E71A4621216307008FC098 /* AppDelegate.m in Sources */,
			);
			runOnlyForDeploymentPostprocessing = 0;
		};
/* End PBXSourcesBuildPhase section */

/* Begin PBXVariantGroup section */
		49E71A4F21216310008FC098 /* LaunchScreen.storyboard */ = {
			isa = PBXVariantGroup;
			children = (
				49E71A5021216310008FC098 /* Base */,
			);
			name = LaunchScreen.storyboard;
			sourceTree = "<group>";
		};
/* End PBXVariantGroup section */

/* Begin XCBuildConfiguration section */
		49E71A5521216310008FC098 /* Debug */ = {
			isa = XCBuildConfiguration;
			buildSettings = {
				ALWAYS_SEARCH_USER_PATHS = NO;
				CLANG_ANALYZER_NONNULL = YES;
				CLANG_ANALYZER_NUMBER_OBJECT_CONVERSION = YES_AGGRESSIVE;
				CLANG_CXX_LANGUAGE_STANDARD = "gnu++14";
				CLANG_CXX_LIBRARY = "libc++";
				CLANG_ENABLE_MODULES = YES;
				CLANG_ENABLE_OBJC_ARC = YES;
				CLANG_ENABLE_OBJC_WEAK = YES;
				CLANG_WARN_BLOCK_CAPTURE_AUTORELEASING = YES;
				CLANG_WARN_BOOL_CONVERSION = YES;
				CLANG_WARN_COMMA = YES;
				CLANG_WARN_CONSTANT_CONVERSION = YES;
				CLANG_WARN_DEPRECATED_OBJC_IMPLEMENTATIONS = YES;
				CLANG_WARN_DIRECT_OBJC_ISA_USAGE = YES_ERROR;
				CLANG_WARN_DOCUMENTATION_COMMENTS = YES;
				CLANG_WARN_EMPTY_BODY = YES;
				CLANG_WARN_ENUM_CONVERSION = YES;
				CLANG_WARN_INFINITE_RECURSION = YES;
				CLANG_WARN_INT_CONVERSION = YES;
				CLANG_WARN_NON_LITERAL_NULL_CONVERSION = YES;
				CLANG_WARN_OBJC_IMPLICIT_RETAIN_SELF = YES;
				CLANG_WARN_OBJC_LITERAL_CONVERSION = YES;
				CLANG_WARN_OBJC_ROOT_CLASS = YES_ERROR;
				CLANG_WARN_RANGE_LOOP_ANALYSIS = YES;
				CLANG_WARN_STRICT_PROTOTYPES = YES;
				CLANG_WARN_SUSPICIOUS_MOVE = YES;
				CLANG_WARN_UNGUARDED_AVAILABILITY = YES_AGGRESSIVE;
				CLANG_WARN_UNREACHABLE_CODE = YES;
				CLANG_WARN__DUPLICATE_METHOD_MATCH = YES;
				CODE_SIGN_IDENTITY = "iPhone Developer";
				COPY_PHASE_STRIP = NO;
				DEBUG_INFORMATION_FORMAT = dwarf;
				ENABLE_STRICT_OBJC_MSGSEND = YES;
				ENABLE_TESTABILITY = YES;
				GCC_C_LANGUAGE_STANDARD = gnu11;
				GCC_DYNAMIC_NO_PIC = NO;
				GCC_NO_COMMON_BLOCKS = YES;
				GCC_OPTIMIZATION_LEVEL = 0;
				GCC_PREPROCESSOR_DEFINITIONS = (
					"DEBUG=1",
					"$(inherited)",
				);
				GCC_WARN_64_TO_32_BIT_CONVERSION = YES;
				GCC_WARN_ABOUT_RETURN_TYPE = YES_ERROR;
				GCC_WARN_UNDECLARED_SELECTOR = YES;
				GCC_WARN_UNINITIALIZED_AUTOS = YES_AGGRESSIVE;
				GCC_WARN_UNUSED_FUNCTION = YES;
				GCC_WARN_UNUSED_VARIABLE = YES;
				IPHONEOS_DEPLOYMENT_TARGET = 11.3;
				MTL_ENABLE_DEBUG_INFO = YES;
				ONLY_ACTIVE_ARCH = YES;
				SDKROOT = iphoneos;
			};
			name = Debug;
		};
		49E71A5621216310008FC098 /* Release */ = {
			isa = XCBuildConfiguration;
			buildSettings = {
				ALWAYS_SEARCH_USER_PATHS = NO;
				CLANG_ANALYZER_NONNULL = YES;
				CLANG_ANALYZER_NUMBER_OBJECT_CONVERSION = YES_AGGRESSIVE;
				CLANG_CXX_LANGUAGE_STANDARD = "gnu++14";
				CLANG_CXX_LIBRARY = "libc++";
				CLANG_ENABLE_MODULES = YES;
				CLANG_ENABLE_OBJC_ARC = YES;
				CLANG_ENABLE_OBJC_WEAK = YES;
				CLANG_WARN_BLOCK_CAPTURE_AUTORELEASING = YES;
				CLANG_WARN_BOOL_CONVERSION = YES;
				CLANG_WARN_COMMA = YES;
				CLANG_WARN_CONSTANT_CONVERSION = YES;
				CLANG_WARN_DEPRECATED_OBJC_IMPLEMENTATIONS = YES;
				CLANG_WARN_DIRECT_OBJC_ISA_USAGE = YES_ERROR;
				CLANG_WARN_DOCUMENTATION_COMMENTS = YES;
				CLANG_WARN_EMPTY_BODY = YES;
				CLANG_WARN_ENUM_CONVERSION = YES;
				CLANG_WARN_INFINITE_RECURSION = YES;
				CLANG_WARN_INT_CONVERSION = YES;
				CLANG_WARN_NON_LITERAL_NULL_CONVERSION = YES;
				CLANG_WARN_OBJC_IMPLICIT_RETAIN_SELF = YES;
				CLANG_WARN_OBJC_LITERAL_CONVERSION = YES;
				CLANG_WARN_OBJC_ROOT_CLASS = YES_ERROR;
				CLANG_WARN_RANGE_LOOP_ANALYSIS = YES;
				CLANG_WARN_STRICT_PROTOTYPES = YES;
				CLANG_WARN_SUSPICIOUS_MOVE = YES;
				CLANG_WARN_UNGUARDED_AVAILABILITY = YES_AGGRESSIVE;
				CLANG_WARN_UNREACHABLE_CODE = YES;
				CLANG_WARN__DUPLICATE_METHOD_MATCH = YES;
				CODE_SIGN_IDENTITY = "iPhone Developer";
				COPY_PHASE_STRIP = NO;
				DEBUG_INFORMATION_FORMAT = "dwarf-with-dsym";
				ENABLE_NS_ASSERTIONS = NO;
				ENABLE_STRICT_OBJC_MSGSEND = YES;
				GCC_C_LANGUAGE_STANDARD = gnu11;
				GCC_NO_COMMON_BLOCKS = YES;
				GCC_WARN_64_TO_32_BIT_CONVERSION = YES;
				GCC_WARN_ABOUT_RETURN_TYPE = YES_ERROR;
				GCC_WARN_UNDECLARED_SELECTOR = YES;
				GCC_WARN_UNINITIALIZED_AUTOS = YES_AGGRESSIVE;
				GCC_WARN_UNUSED_FUNCTION = YES;
				GCC_WARN_UNUSED_VARIABLE = YES;
				IPHONEOS_DEPLOYMENT_TARGET = 11.3;
				MTL_ENABLE_DEBUG_INFO = NO;
				SDKROOT = iphoneos;
				VALIDATE_PRODUCT = YES;
			};
			name = Release;
		};
		49E71A5821216310008FC098 /* Debug */ = {
			isa = XCBuildConfiguration;
			buildSettings = {
				ASSETCATALOG_COMPILER_APPICON_NAME = AppIcon;
				CODE_SIGN_STYLE = Manual;
				DEVELOPMENT_TEAM = G25KG7PJ3H;
				INFOPLIST_FILE = MLTest/Info.plist;
				LD_RUNPATH_SEARCH_PATHS = (
					"$(inherited)",
					"@executable_path/Frameworks",
				);
				PRODUCT_BUNDLE_IDENTIFIER = HistorTest.MLTest;
				PRODUCT_NAME = "$(TARGET_NAME)";
				PROVISIONING_PROFILE = "1cf0cb7e-46bd-4292-9b2d-d658158e1bf5";
				PROVISIONING_PROFILE_SPECIFIER = allAPPDevelop;
				TARGETED_DEVICE_FAMILY = 1;
			};
			name = Debug;
		};
		49E71A5921216310008FC098 /* Release */ = {
			isa = XCBuildConfiguration;
			buildSettings = {
				ASSETCATALOG_COMPILER_APPICON_NAME = AppIcon;
				CODE_SIGN_STYLE = Manual;
				DEVELOPMENT_TEAM = "";
				INFOPLIST_FILE = MLTest/Info.plist;
				LD_RUNPATH_SEARCH_PATHS = (
					"$(inherited)",
					"@executable_path/Frameworks",
				);
				PRODUCT_BUNDLE_IDENTIFIER = HistorTest.MLTest;
				PRODUCT_NAME = "$(TARGET_NAME)";
				PROVISIONING_PROFILE_SPECIFIER = "";
				TARGETED_DEVICE_FAMILY = 1;
			};
			name = Release;
		};
/* End XCBuildConfiguration section */

/* Begin XCConfigurationList section */
		49E71A3C21216307008FC098 /* Build configuration list for PBXProject "MLTest" */ = {
			isa = XCConfigurationList;
			buildConfigurations = (
				49E71A5521216310008FC098 /* Debug */,
				49E71A5621216310008FC098 /* Release */,
			);
			defaultConfigurationIsVisible = 0;
			defaultConfigurationName = Release;
		};
		49E71A5721216310008FC098 /* Build configuration list for PBXNativeTarget "MLTest" */ = {
			isa = XCConfigurationList;
			buildConfigurations = (
				49E71A5821216310008FC098 /* Debug */,
				49E71A5921216310008FC098 /* Release */,
			);
			defaultConfigurationIsVisible = 0;
			defaultConfigurationName = Release;
		};
/* End XCConfigurationList section */
	};
	rootObject = 49E71A3921216307008FC098 /* Project object */;
}
